// !$*UTF8*$!
{
	archiveVersion = 1;
	classes = {
	};
	objectVersion = 46;
	objects = {

/* Begin PBXBuildFile section */
		F7580AA21CD9BA8A00D1999F /* TableViewCell.m in Sources */ = {isa = PBXBuildFile; fileRef = F7580AA11CD9BA8A00D1999F /* TableViewCell.m */; };
		F7C75A871CD86A900074C9A2 /* main.m in Sources */ = {isa = PBXBuildFile; fileRef = F7C75A861CD86A900074C9A2 /* main.m */; };
		F7C75A8A1CD86A900074C9A2 /* AppDelegate.m in Sources */ = {isa = PBXBuildFile; fileRef = F7C75A891CD86A900074C9A2 /* AppDelegate.m */; };
		F7C75A8D1CD86A900074C9A2 /* ViewController.m in Sources */ = {isa = PBXBuildFile; fileRef = F7C75A8C1CD86A900074C9A2 /* ViewController.m */; };
		F7C75A901CD86A900074C9A2 /* Main.storyboard in Resources */ = {isa = PBXBuildFile; fileRef = F7C75A8E1CD86A900074C9A2 /* Main.storyboard */; };
		F7C75A921CD86A900074C9A2 /* Assets.xcassets in Resources */ = {isa = PBXBuildFile; fileRef = F7C75A911CD86A900074C9A2 /* Assets.xcassets */; };
		F7C75A951CD86A900074C9A2 /* LaunchScreen.storyboard in Resources */ = {isa = PBXBuildFile; fileRef = F7C75A931CD86A900074C9A2 /* LaunchScreen.storyboard */; };
		F7C75A9E1CD86AAB0074C9A2 /* EmpolyeeModel.m in Sources */ = {isa = PBXBuildFile; fileRef = F7C75A9D1CD86AAB0074C9A2 /* EmpolyeeModel.m */; };
/* End PBXBuildFile section */

/* Begin PBXFileReference section */
		F7580AA01CD9BA8A00D1999F /* TableViewCell.h */ = {isa = PBXFileReference; fileEncoding = 4; lastKnownFileType = sourcecode.c.h; path = TableViewCell.h; sourceTree = "<group>"; };
		F7580AA11CD9BA8A00D1999F /* TableViewCell.m */ = {isa = PBXFileReference; fileEncoding = 4; lastKnownFileType = sourcecode.c.objc; path = TableViewCell.m; sourceTree = "<group>"; };
		F7C75A821CD86A900074C9A2 /* MVCdemo.app */ = {isa = PBXFileReference; explicitFileType = wrapper.application; includeInIndex = 0; path = MVCdemo.app; sourceTree = BUILT_PRODUCTS_DIR; };
		F7C75A861CD86A900074C9A2 /* main.m */ = {isa = PBXFileReference; lastKnownFileType = sourcecode.c.objc; path = main.m; sourceTree = "<group>"; };
		F7C75A881CD86A900074C9A2 /* AppDelegate.h */ = {isa = PBXFileReference; lastKnownFileType = sourcecode.c.h; path = AppDelegate.h; sourceTree = "<group>"; };
		F7C75A891CD86A900074C9A2 /* AppDelegate.m */ = {isa = PBXFileReference; lastKnownFileType = sourcecode.c.objc; path = AppDelegate.m; sourceTree = "<group>"; };
		F7C75A8B1CD86A900074C9A2 /* ViewController.h */ = {isa = PBXFileReference; lastKnownFileType = sourcecode.c.h; path = ViewController.h; sourceTree = "<group>"; };
		F7C75A8C1CD86A900074C9A2 /* ViewController.m */ = {isa = PBXFileReference; lastKnownFileType = sourcecode.c.objc; path = ViewController.m; sourceTree = "<group>"; };
		F7C75A8F1CD86A900074C9A2 /* Base */ = {isa = PBXFileReference; lastKnownFileType = file.storyboard; name = Base; path = Base.lproj/Main.storyboard; sourceTree = "<group>"; };
		F7C75A911CD86A900074C9A2 /* Assets.xcassets */ = {isa = PBXFileReference; lastKnownFileType = folder.assetcatalog; path = Assets.xcassets; sourceTree = "<group>"; };
		F7C75A941CD86A900074C9A2 /* Base */ = {isa = PBXFileReference; lastKnownFileType = file.storyboard; name = Base; path = Base.lproj/LaunchScreen.storyboard; sourceTree = "<group>"; };
		F7C75A961CD86A900074C9A2 /* Info.plist */ = {isa = PBXFileReference; lastKnownFileType = text.plist.xml; path = Info.plist; sourceTree = "<group>"; };
		F7C75A9C1CD86AAB0074C9A2 /* EmpolyeeModel.h */ = {isa = PBXFileReference; fileEncoding = 4; lastKnownFileType = sourcecode.c.h; path = EmpolyeeModel.h; sourceTree = "<group>"; };
		F7C75A9D1CD86AAB0074C9A2 /* EmpolyeeModel.m */ = {isa = PBXFileReference; fileEncoding = 4; lastKnownFileType = sourcecode.c.objc; path = EmpolyeeModel.m; sourceTree = "<group>"; };
/* End PBXFileReference section */

/* Begin PBXFrameworksBuildPhase section */
		F7C75A7F1CD86A900074C9A2 /* Frameworks */ = {
			isa = PBXFrameworksBuildPhase;
			buildActionMask = 2147483647;
			files = (
			);
			runOnlyForDeploymentPostprocessing = 0;
		};
/* End PBXFrameworksBuildPhase section */

/* Begin PBXGroup section */
		F7C75A791CD86A900074C9A2 = {
			isa = PBXGroup;
			children = (
				F7C75A841CD86A900074C9A2 /* MVCdemo */,
				F7C75A831CD86A900074C9A2 /* Products */,
			);
			sourceTree = "<group>";
		};
		F7C75A831CD86A900074C9A2 /* Products */ = {
			isa = PBXGroup;
			children = (
				F7C75A821CD86A900074C9A2 /* MVCdemo.app */,
			);
			name = Products;
			sourceTree = "<group>";
		};
		F7C75A841CD86A900074C9A2 /* MVCdemo */ = {
			isa = PBXGroup;
			children = (
				F7C75A881CD86A900074C9A2 /* AppDelegate.h */,
				F7C75A891CD86A900074C9A2 /* AppDelegate.m */,
				F7C75A8B1CD86A900074C9A2 /* ViewController.h */,
				F7C75A8C1CD86A900074C9A2 /* ViewController.m */,
				F7C75A8E1CD86A900074C9A2 /* Main.storyboard */,
				F7C75A911CD86A900074C9A2 /* Assets.xcassets */,
				F7C75A931CD86A900074C9A2 /* LaunchScreen.storyboard */,
				F7C75A961CD86A900074C9A2 /* Info.plist */,
				F7C75A851CD86A900074C9A2 /* Supporting Files */,
				F7C75A9C1CD86AAB0074C9A2 /* EmpolyeeModel.h */,
				F7C75A9D1CD86AAB0074C9A2 /* EmpolyeeModel.m */,
				F7580AA01CD9BA8A00D1999F /* TableViewCell.h */,
				F7580AA11CD9BA8A00D1999F /* TableViewCell.m */,
			);
			path = MVCdemo;
			sourceTree = "<group>";
		};
		F7C75A851CD86A900074C9A2 /* Supporting Files */ = {
			isa = PBXGroup;
			children = (
				F7C75A861CD86A900074C9A2 /* main.m */,
			);
			name = "Supporting Files";
			sourceTree = "<group>";
		};
/* End PBXGroup section */

/* Begin PBXNativeTarget section */
		F7C75A811CD86A900074C9A2 /* MVCdemo */ = {
			isa = PBXNativeTarget;
			buildConfigurationList = F7C75A991CD86A900074C9A2 /* Build configuration list for PBXNativeTarget "MVCdemo" */;
			buildPhases = (
				F7C75A7E1CD86A900074C9A2 /* Sources */,
				F7C75A7F1CD86A900074C9A2 /* Frameworks */,
				F7C75A801CD86A900074C9A2 /* Resources */,
			);
			buildRules = (
			);
			dependencies = (
			);
			name = MVCdemo;
			productName = MVCdemo;
			productReference = F7C75A821CD86A900074C9A2 /* MVCdemo.app */;
			productType = "com.apple.product-type.application";
		};
/* End PBXNativeTarget section */

/* Begin PBXProject section */
		F7C75A7A1CD86A900074C9A2 /* Project object */ = {
			isa = PBXProject;
			attributes = {
				LastUpgradeCheck = 0730;
				ORGANIZATIONNAME = rohith;
				TargetAttributes = {
					F7C75A811CD86A900074C9A2 = {
						CreatedOnToolsVersion = 7.3;
					};
				};
			};
			buildConfigurationList = F7C75A7D1CD86A900074C9A2 /* Build configuration list for PBXProject "MVCdemo" */;
			compatibilityVersion = "Xcode 3.2";
			developmentRegion = English;
			hasScannedForEncodings = 0;
			knownRegions = (
				en,
				Base,
			);
			mainGroup = F7C75A791CD86A900074C9A2;
			productRefGroup = F7C75A831CD86A900074C9A2 /* Products */;
			projectDirPath = "";
			projectRoot = "";
			targets = (
				F7C75A811CD86A900074C9A2 /* MVCdemo */,
			);
		};
/* End PBXProject section */

/* Begin PBXResourcesBuildPhase section */
		F7C75A801CD86A900074C9A2 /* Resources */ = {
			isa = PBXResourcesBuildPhase;
			buildActionMask = 2147483647;
			files = (
				F7C75A951CD86A900074C9A2 /* LaunchScreen.storyboard in Resources */,
				F7C75A921CD86A900074C9A2 /* Assets.xcassets in Resources */,
				F7C75A901CD86A900074C9A2 /* Main.storyboard in Resources */,
			);
			runOnlyForDeploymentPostprocessing = 0;
		};
/* End PBXResourcesBuildPhase section */

/* Begin PBXSourcesBuildPhase section */
		F7C75A7E1CD86A900074C9A2 /* Sources */ = {
			isa = PBXSourcesBuildPhase;
			buildActionMask = 2147483647;
			files = (
				F7C75A8D1CD86A900074C9A2 /* ViewController.m in Sources */,
				F7C75A8A1CD86A900074C9A2 /* AppDelegate.m in Sources */,
				F7C75A871CD86A900074C9A2 /* main.m in Sources */,
				F7580AA21CD9BA8A00D1999F /* TableViewCell.m in Sources */,
				F7C75A9E1CD86AAB0074C9A2 /* EmpolyeeModel.m in Sources */,
			);
			runOnlyForDeploymentPostprocessing = 0;
		};
/* End PBXSourcesBuildPhase section */

/* Begin PBXVariantGroup section */
		F7C75A8E1CD86A900074C9A2 /* Main.storyboard */ = {
			isa = PBXVariantGroup;
			children = (
				F7C75A8F1CD86A900074C9A2 /* Base */,
			);
			name = Main.storyboard;
			sourceTree = "<group>";
		};
		F7C75A931CD86A900074C9A2 /* LaunchScreen.storyboard */ = {
			isa = PBXVariantGroup;
			children = (
				F7C75A941CD86A900074C9A2 /* Base */,
			);
			name = LaunchScreen.storyboard;
			sourceTree = "<group>";
		};
/* End PBXVariantGroup section */

/* Begin XCBuildConfiguration section */
		F7C75A971CD86A900074C9A2 /* Debug */ = {
			isa = XCBuildConfiguration;
			buildSettings = {
				ALWAYS_SEARCH_USER_PATHS = NO;
				CLANG_ANALYZER_NONNULL = YES;
				CLANG_CXX_LANGUAGE_STANDARD = "gnu++0x";
				CLANG_CXX_LIBRARY = "libc++";
				CLANG_ENABLE_MODULES = YES;
				CLANG_ENABLE_OBJC_ARC = YES;
				CLANG_WARN_BOOL_CONVERSION = YES;
				CLANG_WARN_CONSTANT_CONVERSION = YES;
				CLANG_WARN_DIRECT_OBJC_ISA_USAGE = YES_ERROR;
				CLANG_WARN_EMPTY_BODY = YES;
				CLANG_WARN_ENUM_CONVERSION = YES;
				CLANG_WARN_INT_CONVERSION = YES;
				CLANG_WARN_OBJC_ROOT_CLASS = YES_ERROR;
				CLANG_WARN_UNREACHABLE_CODE = YES;
				CLANG_WARN__DUPLICATE_METHOD_MATCH = YES;
				"CODE_SIGN_IDENTITY[sdk=iphoneos*]" = "iPhone Developer";
				COPY_PHASE_STRIP = NO;
				DEBUG_INFORMATION_FORMAT = dwarf;
				ENABLE_STRICT_OBJC_MSGSEND = YES;
				ENABLE_TESTABILITY = YES;
				GCC_C_LANGUAGE_STANDARD = gnu99;
				GCC_DYNAMIC_NO_PIC = NO;
				GCC_NO_COMMON_BLOCKS = YES;
				GCC_OPTIMIZATION_LEVEL = 0;
				GCC_PREPROCESSOR_DEFINITIONS = (
					"DEBUG=1",
					"$(inherited)",
				);
				GCC_WARN_64_TO_32_BIT_CONVERSION = YES;
				GCC_WARN_ABOUT_RETURN_TYPE = YES_ERROR;
				GCC_WARN_UNDECLARED_SELECTOR = YES;
				GCC_WARN_UNINITIALIZED_AUTOS = YES_AGGRESSIVE;
				GCC_WARN_UNUSED_FUNCTION = YES;
				GCC_WARN_UNUSED_VARIABLE = YES;
				IPHONEOS_DEPLOYMENT_TARGET = 9.3;
				MTL_ENABLE_DEBUG_INFO = YES;
				ONLY_ACTIVE_ARCH = YES;
				SDKROOT = iphoneos;
			};
			name = Debug;
		};
		F7C75A981CD86A900074C9A2 /* Release */ = {
			isa = XCBuildConfiguration;
			buildSettings = {
				ALWAYS_SEARCH_USER_PATHS = NO;
				CLANG_ANALYZER_NONNULL = YES;
				CLANG_CXX_LANGUAGE_STANDARD = "gnu++0x";
				CLANG_CXX_LIBRARY = "libc++";
				CLANG_ENABLE_MODULES = YES;
				CLANG_ENABLE_OBJC_ARC = YES;
				CLANG_WARN_BOOL_CONVERSION = YES;
				CLANG_WARN_CONSTANT_CONVERSION = YES;
				CLANG_WARN_DIRECT_OBJC_ISA_USAGE = YES_ERROR;
				CLANG_WARN_EMPTY_BODY = YES;
				CLANG_WARN_ENUM_CONVERSION = YES;
				CLANG_WARN_INT_CONVERSION = YES;
				CLANG_WARN_OBJC_ROOT_CLASS = YES_ERROR;
				CLANG_WARN_UNREACHABLE_CODE = YES;
				CLANG_WARN__DUPLICATE_METHOD_MATCH = YES;
				"CODE_SIGN_IDENTITY[sdk=iphoneos*]" = "iPhone Developer";
				COPY_PHASE_STRIP = NO;
				DEBUG_INFORMATION_FORMAT = "dwarf-with-dsym";
				ENABLE_NS_ASSERTIONS = NO;
				ENABLE_STRICT_OBJC_MSGSEND = YES;
				GCC_C_LANGUAGE_STANDARD = gnu99;
				GCC_NO_COMMON_BLOCKS = YES;
				GCC_WARN_64_TO_32_BIT_CONVERSION = YES;
				GCC_WARN_ABOUT_RETURN_TYPE = YES_ERROR;
				GCC_WARN_UNDECLARED_SELECTOR = YES;
				GCC_WARN_UNINITIALIZED_AUTOS = YES_AGGRESSIVE;
				GCC_WARN_UNUSED_FUNCTION = YES;
				GCC_WARN_UNUSED_VARIABLE = YES;
				IPHONEOS_DEPLOYMENT_TARGET = 9.3;
				MTL_ENABLE_DEBUG_INFO = NO;
				SDKROOT = iphoneos;
				VALIDATE_PRODUCT = YES;
			};
			name = Release;
		};
		F7C75A9A1CD86A900074C9A2 /* Debug */ = {
			isa = XCBuildConfiguration;
			buildSettings = {
				ASSETCATALOG_COMPILER_APPICON_NAME = AppIcon;
				INFOPLIST_FILE = MVCdemo/Info.plist;
				LD_RUNPATH_SEARCH_PATHS = "$(inherited) @executable_path/Frameworks";
				PRODUCT_BUNDLE_IDENTIFIER = roh.MVCdemo;
				PRODUCT_NAME = "$(TARGET_NAME)";
			};
			name = Debug;
		};
		F7C75A9B1CD86A900074C9A2 /* Release */ = {
			isa = XCBuildConfiguration;
			buildSettings = {
				ASSETCATALOG_COMPILER_APPICON_NAME = AppIcon;
				INFOPLIST_FILE = MVCdemo/Info.plist;
				LD_RUNPATH_SEARCH_PATHS = "$(inherited) @executable_path/Frameworks";
				PRODUCT_BUNDLE_IDENTIFIER = roh.MVCdemo;
				PRODUCT_NAME = "$(TARGET_NAME)";
			};
			name = Release;
		};
/* End XCBuildConfiguration section */

/* Begin XCConfigurationList section */
		F7C75A7D1CD86A900074C9A2 /* Build configuration list for PBXProject "MVCdemo" */ = {
			isa = XCConfigurationList;
			buildConfigurations = (
				F7C75A971CD86A900074C9A2 /* Debug */,
				F7C75A981CD86A900074C9A2 /* Release */,
			);
			defaultConfigurationIsVisible = 0;
			defaultConfigurationName = Release;
		};
		F7C75A991CD86A900074C9A2 /* Build configuration list for PBXNativeTarget "MVCdemo" */ = {
			isa = XCConfigurationList;
			buildConfigurations = (
				F7C75A9A1CD86A900074C9A2 /* Debug */,
				F7C75A9B1CD86A900074C9A2 /* Release */,
			);
			defaultConfigurationIsVisible = 0;
			defaultConfigurationName = Release;
		};
/* End XCConfigurationList section */
	};
	rootObject = F7C75A7A1CD86A900074C9A2 /* Project object */;
}
